// !$*UTF8*$!
{
	archiveVersion = 1;
	classes = {
	};
	objectVersion = 46;
	objects = {

/* Begin PBXBuildFile section */
		BA0AFC891B53A5E4000A38D4 /* Logon_VC.m in Sources */ = {isa = PBXBuildFile; fileRef = BA0AFC881B53A5E4000A38D4 /* Logon_VC.m */; };
		BA5759BA1B15A5E90075619F /* Message.m in Sources */ = {isa = PBXBuildFile; fileRef = BA5759B91B15A5E90075619F /* Message.m */; };
		BA6699271B00AFDD00A251BE /* main.m in Sources */ = {isa = PBXBuildFile; fileRef = BA6699261B00AFDD00A251BE /* main.m */; };
		BA66992A1B00AFDD00A251BE /* AppDelegate.m in Sources */ = {isa = PBXBuildFile; fileRef = BA6699291B00AFDD00A251BE /* AppDelegate.m */; };
		BA66992D1B00AFDD00A251BE /* ViewController.m in Sources */ = {isa = PBXBuildFile; fileRef = BA66992C1B00AFDD00A251BE /* ViewController.m */; };
		BA6699301B00AFDD00A251BE /* Main.storyboard in Resources */ = {isa = PBXBuildFile; fileRef = BA66992E1B00AFDD00A251BE /* Main.storyboard */; };
		BA6699321B00AFDD00A251BE /* Images.xcassets in Resources */ = {isa = PBXBuildFile; fileRef = BA6699311B00AFDD00A251BE /* Images.xcassets */; };
		BA6699351B00AFDD00A251BE /* LaunchScreen.xib in Resources */ = {isa = PBXBuildFile; fileRef = BA6699331B00AFDD00A251BE /* LaunchScreen.xib */; };
		BA6699411B00AFDD00A251BE /* GestureUnlockTests.m in Sources */ = {isa = PBXBuildFile; fileRef = BA6699401B00AFDD00A251BE /* GestureUnlockTests.m */; };
		BA66994C1B00B3B700A251BE /* CustomView.m in Sources */ = {isa = PBXBuildFile; fileRef = BA66994B1B00B3B700A251BE /* CustomView.m */; };
		BADF0F221B0DD3AE00AAE96A /* DetailViewController.m in Sources */ = {isa = PBXBuildFile; fileRef = BADF0F211B0DD3AE00AAE96A /* DetailViewController.m */; };
		BADF0F251B0DD97500AAE96A /* Chats.m in Sources */ = {isa = PBXBuildFile; fileRef = BADF0F241B0DD97500AAE96A /* Chats.m */; };
/* End PBXBuildFile section */

/* Begin PBXContainerItemProxy section */
		BA66993B1B00AFDD00A251BE /* PBXContainerItemProxy */ = {
			isa = PBXContainerItemProxy;
			containerPortal = BA6699191B00AFDD00A251BE /* Project object */;
			proxyType = 1;
			remoteGlobalIDString = BA6699201B00AFDD00A251BE;
			remoteInfo = GestureUnlock;
		};
/* End PBXContainerItemProxy section */

/* Begin PBXFileReference section */
		BA0AFC871B53A5E4000A38D4 /* Logon_VC.h */ = {isa = PBXFileReference; fileEncoding = 4; lastKnownFileType = sourcecode.c.h; path = Logon_VC.h; sourceTree = "<group>"; };
		BA0AFC881B53A5E4000A38D4 /* Logon_VC.m */ = {isa = PBXFileReference; fileEncoding = 4; lastKnownFileType = sourcecode.c.objc; path = Logon_VC.m; sourceTree = "<group>"; };
		BA5759B81B15A5E90075619F /* Message.h */ = {isa = PBXFileReference; fileEncoding = 4; lastKnownFileType = sourcecode.c.h; path = Message.h; sourceTree = "<group>"; };
		BA5759B91B15A5E90075619F /* Message.m */ = {isa = PBXFileReference; fileEncoding = 4; lastKnownFileType = sourcecode.c.objc; path = Message.m; sourceTree = "<group>"; };
		BA6699211B00AFDD00A251BE /* GestureUnlock.app */ = {isa = PBXFileReference; explicitFileType = wrapper.application; includeInIndex = 0; path = GestureUnlock.app; sourceTree = BUILT_PRODUCTS_DIR; };
		BA6699251B00AFDD00A251BE /* Info.plist */ = {isa = PBXFileReference; lastKnownFileType = text.plist.xml; path = Info.plist; sourceTree = "<group>"; };
		BA6699261B00AFDD00A251BE /* main.m */ = {isa = PBXFileReference; lastKnownFileType = sourcecode.c.objc; path = main.m; sourceTree = "<group>"; };
		BA6699281B00AFDD00A251BE /* AppDelegate.h */ = {isa = PBXFileReference; lastKnownFileType = sourcecode.c.h; path = AppDelegate.h; sourceTree = "<group>"; };
		BA6699291B00AFDD00A251BE /* AppDelegate.m */ = {isa = PBXFileReference; lastKnownFileType = sourcecode.c.objc; path = AppDelegate.m; sourceTree = "<group>"; };
		BA66992B1B00AFDD00A251BE /* ViewController.h */ = {isa = PBXFileReference; lastKnownFileType = sourcecode.c.h; path = ViewController.h; sourceTree = "<group>"; };
		BA66992C1B00AFDD00A251BE /* ViewController.m */ = {isa = PBXFileReference; lastKnownFileType = sourcecode.c.objc; path = ViewController.m; sourceTree = "<group>"; };
		BA66992F1B00AFDD00A251BE /* Base */ = {isa = PBXFileReference; lastKnownFileType = file.storyboard; name = Base; path = Base.lproj/Main.storyboard; sourceTree = "<group>"; };
		BA6699311B00AFDD00A251BE /* Images.xcassets */ = {isa = PBXFileReference; lastKnownFileType = folder.assetcatalog; path = Images.xcassets; sourceTree = "<group>"; };
		BA6699341B00AFDD00A251BE /* Base */ = {isa = PBXFileReference; lastKnownFileType = file.xib; name = Base; path = Base.lproj/LaunchScreen.xib; sourceTree = "<group>"; };
		BA66993A1B00AFDD00A251BE /* GestureUnlockTests.xctest */ = {isa = PBXFileReference; explicitFileType = wrapper.cfbundle; includeInIndex = 0; path = GestureUnlockTests.xctest; sourceTree = BUILT_PRODUCTS_DIR; };
		BA66993F1B00AFDD00A251BE /* Info.plist */ = {isa = PBXFileReference; lastKnownFileType = text.plist.xml; path = Info.plist; sourceTree = "<group>"; };
		BA6699401B00AFDD00A251BE /* GestureUnlockTests.m */ = {isa = PBXFileReference; lastKnownFileType = sourcecode.c.objc; path = GestureUnlockTests.m; sourceTree = "<group>"; };
		BA66994A1B00B3B700A251BE /* CustomView.h */ = {isa = PBXFileReference; fileEncoding = 4; lastKnownFileType = sourcecode.c.h; path = CustomView.h; sourceTree = "<group>"; };
		BA66994B1B00B3B700A251BE /* CustomView.m */ = {isa = PBXFileReference; fileEncoding = 4; lastKnownFileType = sourcecode.c.objc; path = CustomView.m; sourceTree = "<group>"; };
		BADF0F201B0DD3AE00AAE96A /* DetailViewController.h */ = {isa = PBXFileReference; fileEncoding = 4; lastKnownFileType = sourcecode.c.h; path = DetailViewController.h; sourceTree = "<group>"; };
		BADF0F211B0DD3AE00AAE96A /* DetailViewController.m */ = {isa = PBXFileReference; fileEncoding = 4; lastKnownFileType = sourcecode.c.objc; path = DetailViewController.m; sourceTree = "<group>"; };
		BADF0F231B0DD97500AAE96A /* Chats.h */ = {isa = PBXFileReference; fileEncoding = 4; lastKnownFileType = sourcecode.c.h; path = Chats.h; sourceTree = "<group>"; };
		BADF0F241B0DD97500AAE96A /* Chats.m */ = {isa = PBXFileReference; fileEncoding = 4; lastKnownFileType = sourcecode.c.objc; path = Chats.m; sourceTree = "<group>"; };
/* End PBXFileReference section */

/* Begin PBXFrameworksBuildPhase section */
		BA66991E1B00AFDD00A251BE /* Frameworks */ = {
			isa = PBXFrameworksBuildPhase;
			buildActionMask = 2147483647;
			files = (
			);
			runOnlyForDeploymentPostprocessing = 0;
		};
		BA6699371B00AFDD00A251BE /* Frameworks */ = {
			isa = PBXFrameworksBuildPhase;
			buildActionMask = 2147483647;
			files = (
			);
			runOnlyForDeploymentPostprocessing = 0;
		};
/* End PBXFrameworksBuildPhase section */

/* Begin PBXGroup section */
		BA6699181B00AFDD00A251BE = {
			isa = PBXGroup;
			children = (
				BA6699231B00AFDD00A251BE /* GestureUnlock */,
				BA66993D1B00AFDD00A251BE /* GestureUnlockTests */,
				BA6699221B00AFDD00A251BE /* Products */,
			);
			sourceTree = "<group>";
		};
		BA6699221B00AFDD00A251BE /* Products */ = {
			isa = PBXGroup;
			children = (
				BA6699211B00AFDD00A251BE /* GestureUnlock.app */,
				BA66993A1B00AFDD00A251BE /* GestureUnlockTests.xctest */,
			);
			name = Products;
			sourceTree = "<group>";
		};
		BA6699231B00AFDD00A251BE /* GestureUnlock */ = {
			isa = PBXGroup;
			children = (
				BA6699281B00AFDD00A251BE /* AppDelegate.h */,
				BA6699291B00AFDD00A251BE /* AppDelegate.m */,
				BA0AFC871B53A5E4000A38D4 /* Logon_VC.h */,
				BA0AFC881B53A5E4000A38D4 /* Logon_VC.m */,
				BA66992B1B00AFDD00A251BE /* ViewController.h */,
				BA66992C1B00AFDD00A251BE /* ViewController.m */,
				BADF0F201B0DD3AE00AAE96A /* DetailViewController.h */,
				BADF0F211B0DD3AE00AAE96A /* DetailViewController.m */,
				BADF0F231B0DD97500AAE96A /* Chats.h */,
				BADF0F241B0DD97500AAE96A /* Chats.m */,
				BA5759B81B15A5E90075619F /* Message.h */,
				BA5759B91B15A5E90075619F /* Message.m */,
				BA66992E1B00AFDD00A251BE /* Main.storyboard */,
				BA6699311B00AFDD00A251BE /* Images.xcassets */,
				BA6699331B00AFDD00A251BE /* LaunchScreen.xib */,
				BA6699241B00AFDD00A251BE /* Supporting Files */,
				BA66994A1B00B3B700A251BE /* CustomView.h */,
				BA66994B1B00B3B700A251BE /* CustomView.m */,
			);
			path = GestureUnlock;
			sourceTree = "<group>";
		};
		BA6699241B00AFDD00A251BE /* Supporting Files */ = {
			isa = PBXGroup;
			children = (
				BA6699251B00AFDD00A251BE /* Info.plist */,
				BA6699261B00AFDD00A251BE /* main.m */,
			);
			name = "Supporting Files";
			sourceTree = "<group>";
		};
		BA66993D1B00AFDD00A251BE /* GestureUnlockTests */ = {
			isa = PBXGroup;
			children = (
				BA6699401B00AFDD00A251BE /* GestureUnlockTests.m */,
				BA66993E1B00AFDD00A251BE /* Supporting Files */,
			);
			path = GestureUnlockTests;
			sourceTree = "<group>";
		};
		BA66993E1B00AFDD00A251BE /* Supporting Files */ = {
			isa = PBXGroup;
			children = (
				BA66993F1B00AFDD00A251BE /* Info.plist */,
			);
			name = "Supporting Files";
			sourceTree = "<group>";
		};
/* End PBXGroup section */

/* Begin PBXNativeTarget section */
		BA6699201B00AFDD00A251BE /* GestureUnlock */ = {
			isa = PBXNativeTarget;
			buildConfigurationList = BA6699441B00AFDD00A251BE /* Build configuration list for PBXNativeTarget "GestureUnlock" */;
			buildPhases = (
				BA66991D1B00AFDD00A251BE /* Sources */,
				BA66991E1B00AFDD00A251BE /* Frameworks */,
				BA66991F1B00AFDD00A251BE /* Resources */,
			);
			buildRules = (
			);
			dependencies = (
			);
			name = GestureUnlock;
			productName = GestureUnlock;
			productReference = BA6699211B00AFDD00A251BE /* GestureUnlock.app */;
			productType = "com.apple.product-type.application";
		};
		BA6699391B00AFDD00A251BE /* GestureUnlockTests */ = {
			isa = PBXNativeTarget;
			buildConfigurationList = BA6699471B00AFDD00A251BE /* Build configuration list for PBXNativeTarget "GestureUnlockTests" */;
			buildPhases = (
				BA6699361B00AFDD00A251BE /* Sources */,
				BA6699371B00AFDD00A251BE /* Frameworks */,
				BA6699381B00AFDD00A251BE /* Resources */,
			);
			buildRules = (
			);
			dependencies = (
				BA66993C1B00AFDD00A251BE /* PBXTargetDependency */,
			);
			name = GestureUnlockTests;
			productName = GestureUnlockTests;
			productReference = BA66993A1B00AFDD00A251BE /* GestureUnlockTests.xctest */;
			productType = "com.apple.product-type.bundle.unit-test";
		};
/* End PBXNativeTarget section */

/* Begin PBXProject section */
		BA6699191B00AFDD00A251BE /* Project object */ = {
			isa = PBXProject;
			attributes = {
				LastUpgradeCheck = 0610;
				ORGANIZATIONNAME = Henry;
				TargetAttributes = {
					BA6699201B00AFDD00A251BE = {
						CreatedOnToolsVersion = 6.1.1;
						SystemCapabilities = {
							com.apple.BackgroundModes = {
								enabled = 1;
							};
						};
					};
					BA6699391B00AFDD00A251BE = {
						CreatedOnToolsVersion = 6.1.1;
						TestTargetID = BA6699201B00AFDD00A251BE;
					};
				};
			};
			buildConfigurationList = BA66991C1B00AFDD00A251BE /* Build configuration list for PBXProject "GestureUnlock" */;
			compatibilityVersion = "Xcode 3.2";
			developmentRegion = English;
			hasScannedForEncodings = 0;
			knownRegions = (
				en,
				Base,
			);
			mainGroup = BA6699181B00AFDD00A251BE;
			productRefGroup = BA6699221B00AFDD00A251BE /* Products */;
			projectDirPath = "";
			projectRoot = "";
			targets = (
				BA6699201B00AFDD00A251BE /* GestureUnlock */,
				BA6699391B00AFDD00A251BE /* GestureUnlockTests */,
			);
		};
/* End PBXProject section */

/* Begin PBXResourcesBuildPhase section */
		BA66991F1B00AFDD00A251BE /* Resources */ = {
			isa = PBXResourcesBuildPhase;
			buildActionMask = 2147483647;
			files = (
				BA6699301B00AFDD00A251BE /* Main.storyboard in Resources */,
				BA6699351B00AFDD00A251BE /* LaunchScreen.xib in Resources */,
				BA6699321B00AFDD00A251BE /* Images.xcassets in Resources */,
			);
			runOnlyForDeploymentPostprocessing = 0;
		};
		BA6699381B00AFDD00A251BE /* Resources */ = {
			isa = PBXResourcesBuildPhase;
			buildActionMask = 2147483647;
			files = (
			);
			runOnlyForDeploymentPostprocessing = 0;
		};
/* End PBXResourcesBuildPhase section */

/* Begin PBXSourcesBuildPhase section */
		BA66991D1B00AFDD00A251BE /* Sources */ = {
			isa = PBXSourcesBuildPhase;
			buildActionMask = 2147483647;
			files = (
				BADF0F221B0DD3AE00AAE96A /* DetailViewController.m in Sources */,
				BA66992D1B00AFDD00A251BE /* ViewController.m in Sources */,
				BA66994C1B00B3B700A251BE /* CustomView.m in Sources */,
				BA5759BA1B15A5E90075619F /* Message.m in Sources */,
				BA0AFC891B53A5E4000A38D4 /* Logon_VC.m in Sources */,
				BADF0F251B0DD97500AAE96A /* Chats.m in Sources */,
				BA66992A1B00AFDD00A251BE /* AppDelegate.m in Sources */,
				BA6699271B00AFDD00A251BE /* main.m in Sources */,
			);
			runOnlyForDeploymentPostprocessing = 0;
		};
		BA6699361B00AFDD00A251BE /* Sources */ = {
			isa = PBXSourcesBuildPhase;
			buildActionMask = 2147483647;
			files = (
				BA6699411B00AFDD00A251BE /* GestureUnlockTests.m in Sources */,
			);
			runOnlyForDeploymentPostprocessing = 0;
		};
/* End PBXSourcesBuildPhase section */

/* Begin PBXTargetDependency section */
		BA66993C1B00AFDD00A251BE /* PBXTargetDependency */ = {
			isa = PBXTargetDependency;
			target = BA6699201B00AFDD00A251BE /* GestureUnlock */;
			targetProxy = BA66993B1B00AFDD00A251BE /* PBXContainerItemProxy */;
		};
/* End PBXTargetDependency section */

/* Begin PBXVariantGroup section */
		BA66992E1B00AFDD00A251BE /* Main.storyboard */ = {
			isa = PBXVariantGroup;
			children = (
				BA66992F1B00AFDD00A251BE /* Base */,
			);
			name = Main.storyboard;
			sourceTree = "<group>";
		};
		BA6699331B00AFDD00A251BE /* LaunchScreen.xib */ = {
			isa = PBXVariantGroup;
			children = (
				BA6699341B00AFDD00A251BE /* Base */,
			);
			name = LaunchScreen.xib;
			sourceTree = "<group>";
		};
/* End PBXVariantGroup section */

/* Begin XCBuildConfiguration section */
		BA6699421B00AFDD00A251BE /* Debug */ = {
			isa = XCBuildConfiguration;
			buildSettings = {
				ALWAYS_SEARCH_USER_PATHS = NO;
				CLANG_CXX_LANGUAGE_STANDARD = "gnu++0x";
				CLANG_CXX_LIBRARY = "libc++";
				CLANG_ENABLE_MODULES = YES;
				CLANG_ENABLE_OBJC_ARC = YES;
				CLANG_WARN_BOOL_CONVERSION = YES;
				CLANG_WARN_CONSTANT_CONVERSION = YES;
				CLANG_WARN_DIRECT_OBJC_ISA_USAGE = YES_ERROR;
				CLANG_WARN_EMPTY_BODY = YES;
				CLANG_WARN_ENUM_CONVERSION = YES;
				CLANG_WARN_INT_CONVERSION = YES;
				CLANG_WARN_OBJC_ROOT_CLASS = YES_ERROR;
				CLANG_WARN_UNREACHABLE_CODE = YES;
				CLANG_WARN__DUPLICATE_METHOD_MATCH = YES;
				"CODE_SIGN_IDENTITY[sdk=iphoneos*]" = "iPhone Developer";
				COPY_PHASE_STRIP = NO;
				ENABLE_STRICT_OBJC_MSGSEND = YES;
				GCC_C_LANGUAGE_STANDARD = gnu99;
				GCC_DYNAMIC_NO_PIC = NO;
				GCC_OPTIMIZATION_LEVEL = 0;
				GCC_PREPROCESSOR_DEFINITIONS = (
					"DEBUG=1",
					"$(inherited)",
				);
				GCC_SYMBOLS_PRIVATE_EXTERN = NO;
				GCC_WARN_64_TO_32_BIT_CONVERSION = YES;
				GCC_WARN_ABOUT_RETURN_TYPE = YES_ERROR;
				GCC_WARN_UNDECLARED_SELECTOR = YES;
				GCC_WARN_UNINITIALIZED_AUTOS = YES_AGGRESSIVE;
				GCC_WARN_UNUSED_FUNCTION = YES;
				GCC_WARN_UNUSED_VARIABLE = YES;
				IPHONEOS_DEPLOYMENT_TARGET = 8.1;
				MTL_ENABLE_DEBUG_INFO = YES;
				ONLY_ACTIVE_ARCH = YES;
				SDKROOT = iphoneos;
			};
			name = Debug;
		};
		BA6699431B00AFDD00A251BE /* Release */ = {
			isa = XCBuildConfiguration;
			buildSettings = {
				ALWAYS_SEARCH_USER_PATHS = NO;
				CLANG_CXX_LANGUAGE_STANDARD = "gnu++0x";
				CLANG_CXX_LIBRARY = "libc++";
				CLANG_ENABLE_MODULES = YES;
				CLANG_ENABLE_OBJC_ARC = YES;
				CLANG_WARN_BOOL_CONVERSION = YES;
				CLANG_WARN_CONSTANT_CONVERSION = YES;
				CLANG_WARN_DIRECT_OBJC_ISA_USAGE = YES_ERROR;
				CLANG_WARN_EMPTY_BODY = YES;
				CLANG_WARN_ENUM_CONVERSION = YES;
				CLANG_WARN_INT_CONVERSION = YES;
				CLANG_WARN_OBJC_ROOT_CLASS = YES_ERROR;
				CLANG_WARN_UNREACHABLE_CODE = YES;
				CLANG_WARN__DUPLICATE_METHOD_MATCH = YES;
				"CODE_SIGN_IDENTITY[sdk=iphoneos*]" = "iPhone Developer";
				COPY_PHASE_STRIP = YES;
				ENABLE_NS_ASSERTIONS = NO;
				ENABLE_STRICT_OBJC_MSGSEND = YES;
				GCC_C_LANGUAGE_STANDARD = gnu99;
				GCC_WARN_64_TO_32_BIT_CONVERSION = YES;
				GCC_WARN_ABOUT_RETURN_TYPE = YES_ERROR;
				GCC_WARN_UNDECLARED_SELECTOR = YES;
				GCC_WARN_UNINITIALIZED_AUTOS = YES_AGGRESSIVE;
				GCC_WARN_UNUSED_FUNCTION = YES;
				GCC_WARN_UNUSED_VARIABLE = YES;
				IPHONEOS_DEPLOYMENT_TARGET = 8.1;
				MTL_ENABLE_DEBUG_INFO = NO;
				SDKROOT = iphoneos;
				VALIDATE_PRODUCT = YES;
			};
			name = Release;
		};
		BA6699451B00AFDD00A251BE /* Debug */ = {
			isa = XCBuildConfiguration;
			buildSettings = {
				ASSETCATALOG_COMPILER_APPICON_NAME = AppIcon;
				CODE_SIGN_IDENTITY = "iPhone Developer: xun yanan (XD5P6787C6)";
				INFOPLIST_FILE = GestureUnlock/Info.plist;
				LD_RUNPATH_SEARCH_PATHS = "$(inherited) @executable_path/Frameworks";
				PRODUCT_NAME = "$(TARGET_NAME)";
				PROVISIONING_PROFILE = "9fc724fa-e29e-468b-8706-0f1d6532293d";
			};
			name = Debug;
		};
		BA6699461B00AFDD00A251BE /* Release */ = {
			isa = XCBuildConfiguration;
			buildSettings = {
				ASSETCATALOG_COMPILER_APPICON_NAME = AppIcon;
				CODE_SIGN_IDENTITY = "iPhone Developer: xun yanan (XD5P6787C6)";
				INFOPLIST_FILE = GestureUnlock/Info.plist;
				LD_RUNPATH_SEARCH_PATHS = "$(inherited) @executable_path/Frameworks";
				PRODUCT_NAME = "$(TARGET_NAME)";
				PROVISIONING_PROFILE = "9fc724fa-e29e-468b-8706-0f1d6532293d";
			};
			name = Release;
		};
		BA6699481B00AFDD00A251BE /* Debug */ = {
			isa = XCBuildConfiguration;
			buildSettings = {
				BUNDLE_LOADER = "$(TEST_HOST)";
				FRAMEWORK_SEARCH_PATHS = (
					"$(SDKROOT)/Developer/Library/Frameworks",
					"$(inherited)",
				);
				GCC_PREPROCESSOR_DEFINITIONS = (
					"DEBUG=1",
					"$(inherited)",
				);
				INFOPLIST_FILE = GestureUnlockTests/Info.plist;
				LD_RUNPATH_SEARCH_PATHS = "$(inherited) @executable_path/Frameworks @loader_path/Frameworks";
				PRODUCT_NAME = "$(TARGET_NAME)";
				TEST_HOST = "$(BUILT_PRODUCTS_DIR)/GestureUnlock.app/GestureUnlock";
			};
			name = Debug;
		};
		BA6699491B00AFDD00A251BE /* Release */ = {
			isa = XCBuildConfiguration;
			buildSettings = {
				BUNDLE_LOADER = "$(TEST_HOST)";
				FRAMEWORK_SEARCH_PATHS = (
					"$(SDKROOT)/Developer/Library/Frameworks",
					"$(inherited)",
				);
				INFOPLIST_FILE = GestureUnlockTests/Info.plist;
				LD_RUNPATH_SEARCH_PATHS = "$(inherited) @executable_path/Frameworks @loader_path/Frameworks";
				PRODUCT_NAME = "$(TARGET_NAME)";
				TEST_HOST = "$(BUILT_PRODUCTS_DIR)/GestureUnlock.app/GestureUnlock";
			};
			name = Release;
		};
/* End XCBuildConfiguration section */

/* Begin XCConfigurationList section */
		BA66991C1B00AFDD00A251BE /* Build configuration list for PBXProject "GestureUnlock" */ = {
			isa = XCConfigurationList;
			buildConfigurations = (
				BA6699421B00AFDD00A251BE /* Debug */,
				BA6699431B00AFDD00A251BE /* Release */,
			);
			defaultConfigurationIsVisible = 0;
			defaultConfigurationName = Release;
		};
		BA6699441B00AFDD00A251BE /* Build configuration list for PBXNativeTarget "GestureUnlock" */ = {
			isa = XCConfigurationList;
			buildConfigurations = (
				BA6699451B00AFDD00A251BE /* Debug */,
				BA6699461B00AFDD00A251BE /* Release */,
			);
			defaultConfigurationIsVisible = 0;
			defaultConfigurationName = Release;
		};
		BA6699471B00AFDD00A251BE /* Build configuration list for PBXNativeTarget "GestureUnlockTests" */ = {
			isa = XCConfigurationList;
			buildConfigurations = (
				BA6699481B00AFDD00A251BE /* Debug */,
				BA6699491B00AFDD00A251BE /* Release */,
			);
			defaultConfigurationIsVisible = 0;
			defaultConfigurationName = Release;
		};
/* End XCConfigurationList section */
	};
	rootObject = BA6699191B00AFDD00A251BE /* Project object */;
}
